// !$*UTF8*$!
{
	archiveVersion = 1;
	classes = {
	};
	objectVersion = 46;
	objects = {

/* Begin PBXBuildFile section */
		18A079E41AE778D500F81AB2 /* AppDelegate.swift in Sources */ = {isa = PBXBuildFile; fileRef = 18A079E31AE778D500F81AB2 /* AppDelegate.swift */; };
		18A079E61AE778D500F81AB2 /* ViewController.swift in Sources */ = {isa = PBXBuildFile; fileRef = 18A079E51AE778D500F81AB2 /* ViewController.swift */; };
		18A079E91AE778D500F81AB2 /* Main.storyboard in Resources */ = {isa = PBXBuildFile; fileRef = 18A079E71AE778D500F81AB2 /* Main.storyboard */; };
		18A079EB1AE778D500F81AB2 /* Images.xcassets in Resources */ = {isa = PBXBuildFile; fileRef = 18A079EA1AE778D500F81AB2 /* Images.xcassets */; };
		18A079EE1AE778D500F81AB2 /* LaunchScreen.xib in Resources */ = {isa = PBXBuildFile; fileRef = 18A079EC1AE778D500F81AB2 /* LaunchScreen.xib */; };
		18A079FA1AE778D500F81AB2 /* ScratchTests.swift in Sources */ = {isa = PBXBuildFile; fileRef = 18A079F91AE778D500F81AB2 /* ScratchTests.swift */; };
		18A07A061AE87C3600F81AB2 /* User.swift in Sources */ = {isa = PBXBuildFile; fileRef = 18A07A051AE87C3600F81AB2 /* User.swift */; };
/* End PBXBuildFile section */

/* Begin PBXContainerItemProxy section */
		18A079F41AE778D500F81AB2 /* PBXContainerItemProxy */ = {
			isa = PBXContainerItemProxy;
			containerPortal = 18A079D61AE778D500F81AB2 /* Project object */;
			proxyType = 1;
			remoteGlobalIDString = 18A079DD1AE778D500F81AB2;
			remoteInfo = Scratch;
		};
/* End PBXContainerItemProxy section */

/* Begin PBXFileReference section */
		18A079DE1AE778D500F81AB2 /* Scratch.app */ = {isa = PBXFileReference; explicitFileType = wrapper.application; includeInIndex = 0; path = Scratch.app; sourceTree = BUILT_PRODUCTS_DIR; };
		18A079E21AE778D500F81AB2 /* Info.plist */ = {isa = PBXFileReference; lastKnownFileType = text.plist.xml; path = Info.plist; sourceTree = "<group>"; };
		18A079E31AE778D500F81AB2 /* AppDelegate.swift */ = {isa = PBXFileReference; lastKnownFileType = sourcecode.swift; path = AppDelegate.swift; sourceTree = "<group>"; };
		18A079E51AE778D500F81AB2 /* ViewController.swift */ = {isa = PBXFileReference; lastKnownFileType = sourcecode.swift; path = ViewController.swift; sourceTree = "<group>"; };
		18A079E81AE778D500F81AB2 /* Base */ = {isa = PBXFileReference; lastKnownFileType = file.storyboard; name = Base; path = Base.lproj/Main.storyboard; sourceTree = "<group>"; };
		18A079EA1AE778D500F81AB2 /* Images.xcassets */ = {isa = PBXFileReference; lastKnownFileType = folder.assetcatalog; path = Images.xcassets; sourceTree = "<group>"; };
		18A079ED1AE778D500F81AB2 /* Base */ = {isa = PBXFileReference; lastKnownFileType = file.xib; name = Base; path = Base.lproj/LaunchScreen.xib; sourceTree = "<group>"; };
		18A079F31AE778D500F81AB2 /* ScratchTests.xctest */ = {isa = PBXFileReference; explicitFileType = wrapper.cfbundle; includeInIndex = 0; path = ScratchTests.xctest; sourceTree = BUILT_PRODUCTS_DIR; };
		18A079F81AE778D500F81AB2 /* Info.plist */ = {isa = PBXFileReference; lastKnownFileType = text.plist.xml; path = Info.plist; sourceTree = "<group>"; };
		18A079F91AE778D500F81AB2 /* ScratchTests.swift */ = {isa = PBXFileReference; lastKnownFileType = sourcecode.swift; path = ScratchTests.swift; sourceTree = "<group>"; };
		18A07A051AE87C3600F81AB2 /* User.swift */ = {isa = PBXFileReference; fileEncoding = 4; lastKnownFileType = sourcecode.swift; name = User.swift; path = ../User.swift; sourceTree = "<group>"; };
/* End PBXFileReference section */

/* Begin PBXFrameworksBuildPhase section */
		18A079DB1AE778D500F81AB2 /* Frameworks */ = {
			isa = PBXFrameworksBuildPhase;
			buildActionMask = 2147483647;
			files = (
			);
			runOnlyForDeploymentPostprocessing = 0;
		};
		18A079F01AE778D500F81AB2 /* Frameworks */ = {
			isa = PBXFrameworksBuildPhase;
			buildActionMask = 2147483647;
			files = (
			);
			runOnlyForDeploymentPostprocessing = 0;
		};
/* End PBXFrameworksBuildPhase section */

/* Begin PBXGroup section */
		18A079D51AE778D500F81AB2 = {
			isa = PBXGroup;
			children = (
				18A079E01AE778D500F81AB2 /* Scratch */,
				18A079F61AE778D500F81AB2 /* ScratchTests */,
				18A079DF1AE778D500F81AB2 /* Products */,
			);
			sourceTree = "<group>";
		};
		18A079DF1AE778D500F81AB2 /* Products */ = {
			isa = PBXGroup;
			children = (
				18A079DE1AE778D500F81AB2 /* Scratch.app */,
				18A079F31AE778D500F81AB2 /* ScratchTests.xctest */,
			);
			name = Products;
			sourceTree = "<group>";
		};
		18A079E01AE778D500F81AB2 /* Scratch */ = {
			isa = PBXGroup;
			children = (
				18A079E51AE778D500F81AB2 /* ViewController.swift */,
				18A079E71AE778D500F81AB2 /* Main.storyboard */,
				18A07A051AE87C3600F81AB2 /* User.swift */,
				18A079E11AE778D500F81AB2 /* Supporting Files */,
			);
			path = Scratch;
			sourceTree = "<group>";
		};
		18A079E11AE778D500F81AB2 /* Supporting Files */ = {
			isa = PBXGroup;
			children = (
				18A079E31AE778D500F81AB2 /* AppDelegate.swift */,
				18A079EA1AE778D500F81AB2 /* Images.xcassets */,
				18A079EC1AE778D500F81AB2 /* LaunchScreen.xib */,
				18A079E21AE778D500F81AB2 /* Info.plist */,
			);
			name = "Supporting Files";
			sourceTree = "<group>";
		};
		18A079F61AE778D500F81AB2 /* ScratchTests */ = {
			isa = PBXGroup;
			children = (
				18A079F91AE778D500F81AB2 /* ScratchTests.swift */,
				18A079F71AE778D500F81AB2 /* Supporting Files */,
			);
			path = ScratchTests;
			sourceTree = "<group>";
		};
		18A079F71AE778D500F81AB2 /* Supporting Files */ = {
			isa = PBXGroup;
			children = (
				18A079F81AE778D500F81AB2 /* Info.plist */,
			);
			name = "Supporting Files";
			sourceTree = "<group>";
		};
/* End PBXGroup section */

/* Begin PBXNativeTarget section */
		18A079DD1AE778D500F81AB2 /* Scratch */ = {
			isa = PBXNativeTarget;
			buildConfigurationList = 18A079FD1AE778D500F81AB2 /* Build configuration list for PBXNativeTarget "Scratch" */;
			buildPhases = (
				18A079DA1AE778D500F81AB2 /* Sources */,
				18A079DB1AE778D500F81AB2 /* Frameworks */,
				18A079DC1AE778D500F81AB2 /* Resources */,
			);
			buildRules = (
			);
			dependencies = (
			);
			name = Scratch;
			productName = Scratch;
			productReference = 18A079DE1AE778D500F81AB2 /* Scratch.app */;
			productType = "com.apple.product-type.application";
		};
		18A079F21AE778D500F81AB2 /* ScratchTests */ = {
			isa = PBXNativeTarget;
			buildConfigurationList = 18A07A001AE778D500F81AB2 /* Build configuration list for PBXNativeTarget "ScratchTests" */;
			buildPhases = (
				18A079EF1AE778D500F81AB2 /* Sources */,
				18A079F01AE778D500F81AB2 /* Frameworks */,
				18A079F11AE778D500F81AB2 /* Resources */,
			);
			buildRules = (
			);
			dependencies = (
				18A079F51AE778D500F81AB2 /* PBXTargetDependency */,
			);
			name = ScratchTests;
			productName = ScratchTests;
			productReference = 18A079F31AE778D500F81AB2 /* ScratchTests.xctest */;
			productType = "com.apple.product-type.bundle.unit-test";
		};
/* End PBXNativeTarget section */

/* Begin PBXProject section */
		18A079D61AE778D500F81AB2 /* Project object */ = {
			isa = PBXProject;
			attributes = {
				LastUpgradeCheck = 0630;
				ORGANIZATIONNAME = iCumpus;
				TargetAttributes = {
					18A079DD1AE778D500F81AB2 = {
						CreatedOnToolsVersion = 6.3;
					};
					18A079F21AE778D500F81AB2 = {
						CreatedOnToolsVersion = 6.3;
						TestTargetID = 18A079DD1AE778D500F81AB2;
					};
				};
			};
			buildConfigurationList = 18A079D91AE778D500F81AB2 /* Build configuration list for PBXProject "Scratch" */;
			compatibilityVersion = "Xcode 3.2";
			developmentRegion = English;
			hasScannedForEncodings = 0;
			knownRegions = (
				en,
				Base,
			);
			mainGroup = 18A079D51AE778D500F81AB2;
			productRefGroup = 18A079DF1AE778D500F81AB2 /* Products */;
			projectDirPath = "";
			projectRoot = "";
			targets = (
				18A079DD1AE778D500F81AB2 /* Scratch */,
				18A079F21AE778D500F81AB2 /* ScratchTests */,
			);
		};
/* End PBXProject section */

/* Begin PBXResourcesBuildPhase section */
		18A079DC1AE778D500F81AB2 /* Resources */ = {
			isa = PBXResourcesBuildPhase;
			buildActionMask = 2147483647;
			files = (
				18A079E91AE778D500F81AB2 /* Main.storyboard in Resources */,
				18A079EE1AE778D500F81AB2 /* LaunchScreen.xib in Resources */,
				18A079EB1AE778D500F81AB2 /* Images.xcassets in Resources */,
			);
			runOnlyForDeploymentPostprocessing = 0;
		};
		18A079F11AE778D500F81AB2 /* Resources */ = {
			isa = PBXResourcesBuildPhase;
			buildActionMask = 2147483647;
			files = (
			);
			runOnlyForDeploymentPostprocessing = 0;
		};
/* End PBXResourcesBuildPhase section */

/* Begin PBXSourcesBuildPhase section */
		18A079DA1AE778D500F81AB2 /* Sources */ = {
			isa = PBXSourcesBuildPhase;
			buildActionMask = 2147483647;
			files = (
				18A079E61AE778D500F81AB2 /* ViewController.swift in Sources */,
				18A079E41AE778D500F81AB2 /* AppDelegate.swift in Sources */,
				18A07A061AE87C3600F81AB2 /* User.swift in Sources */,
			);
			runOnlyForDeploymentPostprocessing = 0;
		};
		18A079EF1AE778D500F81AB2 /* Sources */ = {
			isa = PBXSourcesBuildPhase;
			buildActionMask = 2147483647;
			files = (
				18A079FA1AE778D500F81AB2 /* ScratchTests.swift in Sources */,
			);
			runOnlyForDeploymentPostprocessing = 0;
		};
/* End PBXSourcesBuildPhase section */

/* Begin PBXTargetDependency section */
		18A079F51AE778D500F81AB2 /* PBXTargetDependency */ = {
			isa = PBXTargetDependency;
			target = 18A079DD1AE778D500F81AB2 /* Scratch */;
			targetProxy = 18A079F41AE778D500F81AB2 /* PBXContainerItemProxy */;
		};
/* End PBXTargetDependency section */

/* Begin PBXVariantGroup section */
		18A079E71AE778D500F81AB2 /* Main.storyboard */ = {
			isa = PBXVariantGroup;
			children = (
				18A079E81AE778D500F81AB2 /* Base */,
			);
			name = Main.storyboard;
			sourceTree = "<group>";
		};
		18A079EC1AE778D500F81AB2 /* LaunchScreen.xib */ = {
			isa = PBXVariantGroup;
			children = (
				18A079ED1AE778D500F81AB2 /* Base */,
			);
			name = LaunchScreen.xib;
			sourceTree = "<group>";
		};
/* End PBXVariantGroup section */

/* Begin XCBuildConfiguration section */
		18A079FB1AE778D500F81AB2 /* Debug */ = {
			isa = XCBuildConfiguration;
			buildSettings = {
				ALWAYS_SEARCH_USER_PATHS = NO;
				CLANG_CXX_LANGUAGE_STANDARD = "gnu++0x";
				CLANG_CXX_LIBRARY = "libc++";
				CLANG_ENABLE_MODULES = YES;
				CLANG_ENABLE_OBJC_ARC = YES;
				CLANG_WARN_BOOL_CONVERSION = YES;
				CLANG_WARN_CONSTANT_CONVERSION = YES;
				CLANG_WARN_DIRECT_OBJC_ISA_USAGE = YES_ERROR;
				CLANG_WARN_EMPTY_BODY = YES;
				CLANG_WARN_ENUM_CONVERSION = YES;
				CLANG_WARN_INT_CONVERSION = YES;
				CLANG_WARN_OBJC_ROOT_CLASS = YES_ERROR;
				CLANG_WARN_UNREACHABLE_CODE = YES;
				CLANG_WARN__DUPLICATE_METHOD_MATCH = YES;
				"CODE_SIGN_IDENTITY[sdk=iphoneos*]" = "iPhone Developer";
				COPY_PHASE_STRIP = NO;
				DEBUG_INFORMATION_FORMAT = "dwarf-with-dsym";
				ENABLE_STRICT_OBJC_MSGSEND = YES;
				GCC_C_LANGUAGE_STANDARD = gnu99;
				GCC_DYNAMIC_NO_PIC = NO;
				GCC_NO_COMMON_BLOCKS = YES;
				GCC_OPTIMIZATION_LEVEL = 0;
				GCC_PREPROCESSOR_DEFINITIONS = (
					"DEBUG=1",
					"$(inherited)",
				);
				GCC_SYMBOLS_PRIVATE_EXTERN = NO;
				GCC_WARN_64_TO_32_BIT_CONVERSION = YES;
				GCC_WARN_ABOUT_RETURN_TYPE = YES_ERROR;
				GCC_WARN_UNDECLARED_SELECTOR = YES;
				GCC_WARN_UNINITIALIZED_AUTOS = YES_AGGRESSIVE;
				GCC_WARN_UNUSED_FUNCTION = YES;
				GCC_WARN_UNUSED_VARIABLE = YES;
				IPHONEOS_DEPLOYMENT_TARGET = 8.3;
				MTL_ENABLE_DEBUG_INFO = YES;
				ONLY_ACTIVE_ARCH = YES;
				SDKROOT = iphoneos;
				SWIFT_OPTIMIZATION_LEVEL = "-Onone";
				TARGETED_DEVICE_FAMILY = "1,2";
			};
			name = Debug;
		};
		18A079FC1AE778D500F81AB2 /* Release */ = {
			isa = XCBuildConfiguration;
			buildSettings = {
				ALWAYS_SEARCH_USER_PATHS = NO;
				CLANG_CXX_LANGUAGE_STANDARD = "gnu++0x";
				CLANG_CXX_LIBRARY = "libc++";
				CLANG_ENABLE_MODULES = YES;
				CLANG_ENABLE_OBJC_ARC = YES;
				CLANG_WARN_BOOL_CONVERSION = YES;
				CLANG_WARN_CONSTANT_CONVERSION = YES;
				CLANG_WARN_DIRECT_OBJC_ISA_USAGE = YES_ERROR;
				CLANG_WARN_EMPTY_BODY = YES;
				CLANG_WARN_ENUM_CONVERSION = YES;
				CLANG_WARN_INT_CONVERSION = YES;
				CLANG_WARN_OBJC_ROOT_CLASS = YES_ERROR;
				CLANG_WARN_UNREACHABLE_CODE = YES;
				CLANG_WARN__DUPLICATE_METHOD_MATCH = YES;
				"CODE_SIGN_IDENTITY[sdk=iphoneos*]" = "iPhone Developer";
				COPY_PHASE_STRIP = NO;
				DEBUG_INFORMATION_FORMAT = "dwarf-with-dsym";
				ENABLE_NS_ASSERTIONS = NO;
				ENABLE_STRICT_OBJC_MSGSEND = YES;
				GCC_C_LANGUAGE_STANDARD = gnu99;
				GCC_NO_COMMON_BLOCKS = YES;
				GCC_WARN_64_TO_32_BIT_CONVERSION = YES;
				GCC_WARN_ABOUT_RETURN_TYPE = YES_ERROR;
				GCC_WARN_UNDECLARED_SELECTOR = YES;
				GCC_WARN_UNINITIALIZED_AUTOS = YES_AGGRESSIVE;
				GCC_WARN_UNUSED_FUNCTION = YES;
				GCC_WARN_UNUSED_VARIABLE = YES;
				IPHONEOS_DEPLOYMENT_TARGET = 8.3;
				MTL_ENABLE_DEBUG_INFO = NO;
				SDKROOT = iphoneos;
				TARGETED_DEVICE_FAMILY = "1,2";
				VALIDATE_PRODUCT = YES;
			};
			name = Release;
		};
		18A079FE1AE778D500F81AB2 /* Debug */ = {
			isa = XCBuildConfiguration;
			buildSettings = {
				ASSETCATALOG_COMPILER_APPICON_NAME = AppIcon;
				INFOPLIST_FILE = Scratch/Info.plist;
				LD_RUNPATH_SEARCH_PATHS = "$(inherited) @executable_path/Frameworks";
				PRODUCT_NAME = "$(TARGET_NAME)";
			};
			name = Debug;
		};
		18A079FF1AE778D500F81AB2 /* Release */ = {
			isa = XCBuildConfiguration;
			buildSettings = {
				ASSETCATALOG_COMPILER_APPICON_NAME = AppIcon;
				INFOPLIST_FILE = Scratch/Info.plist;
				LD_RUNPATH_SEARCH_PATHS = "$(inherited) @executable_path/Frameworks";
				PRODUCT_NAME = "$(TARGET_NAME)";
			};
			name = Release;
		};
		18A07A011AE778D500F81AB2 /* Debug */ = {
			isa = XCBuildConfiguration;
			buildSettings = {
				BUNDLE_LOADER = "$(TEST_HOST)";
				FRAMEWORK_SEARCH_PATHS = (
					"$(SDKROOT)/Developer/Library/Frameworks",
					"$(inherited)",
				);
				GCC_PREPROCESSOR_DEFINITIONS = (
					"DEBUG=1",
					"$(inherited)",
				);
				INFOPLIST_FILE = ScratchTests/Info.plist;
				LD_RUNPATH_SEARCH_PATHS = "$(inherited) @executable_path/Frameworks @loader_path/Frameworks";
				PRODUCT_NAME = "$(TARGET_NAME)";
				TEST_HOST = "$(BUILT_PRODUCTS_DIR)/Scratch.app/Scratch";
			};
			name = Debug;
		};
		18A07A021AE778D500F81AB2 /* Release */ = {
			isa = XCBuildConfiguration;
			buildSettings = {
				BUNDLE_LOADER = "$(TEST_HOST)";
				FRAMEWORK_SEARCH_PATHS = (
					"$(SDKROOT)/Developer/Library/Frameworks",
					"$(inherited)",
				);
				INFOPLIST_FILE = ScratchTests/Info.plist;
				LD_RUNPATH_SEARCH_PATHS = "$(inherited) @executable_path/Frameworks @loader_path/Frameworks";
				PRODUCT_NAME = "$(TARGET_NAME)";
				TEST_HOST = "$(BUILT_PRODUCTS_DIR)/Scratch.app/Scratch";
			};
			name = Release;
		};
/* End XCBuildConfiguration section */

/* Begin XCConfigurationList section */
		18A079D91AE778D500F81AB2 /* Build configuration list for PBXProject "Scratch" */ = {
			isa = XCConfigurationList;
			buildConfigurations = (
				18A079FB1AE778D500F81AB2 /* Debug */,
				18A079FC1AE778D500F81AB2 /* Release */,
			);
			defaultConfigurationIsVisible = 0;
			defaultConfigurationName = Release;
		};
		18A079FD1AE778D500F81AB2 /* Build configuration list for PBXNativeTarget "Scratch" */ = {
			isa = XCConfigurationList;
			buildConfigurations = (
				18A079FE1AE778D500F81AB2 /* Debug */,
				18A079FF1AE778D500F81AB2 /* Release */,
			);
			defaultConfigurationIsVisible = 0;
			defaultConfigurationName = Release;
		};
		18A07A001AE778D500F81AB2 /* Build configuration list for PBXNativeTarget "ScratchTests" */ = {
			isa = XCConfigurationList;
			buildConfigurations = (
				18A07A011AE778D500F81AB2 /* Debug */,
				18A07A021AE778D500F81AB2 /* Release */,
			);
			defaultConfigurationIsVisible = 0;
			defaultConfigurationName = Release;
		};
/* End XCConfigurationList section */
	};
	rootObject = 18A079D61AE778D500F81AB2 /* Project object */;
}
